// !$*UTF8*$!
{
	archiveVersion = 1;
	classes = {
	};
	objectVersion = 46;
	objects = {

/* Begin PBXBuildFile section */
		7C4D308C1DB71310002874F1 /* Default-568h@2x.png in Resources */ = {isa = PBXBuildFile; fileRef = 7C4D308B1DB71310002874F1 /* Default-568h@2x.png */; };
		7CCC8CCE1DB3A44200B51C59 /* AppDelegate.swift in Sources */ = {isa = PBXBuildFile; fileRef = 7CCC8CCD1DB3A44200B51C59 /* AppDelegate.swift */; };
		7CCC8CD01DB3A44200B51C59 /* ViewController.swift in Sources */ = {isa = PBXBuildFile; fileRef = 7CCC8CCF1DB3A44200B51C59 /* ViewController.swift */; };
		7CCC8CD31DB3A44200B51C59 /* Main.storyboard in Resources */ = {isa = PBXBuildFile; fileRef = 7CCC8CD11DB3A44200B51C59 /* Main.storyboard */; };
		7CCC8CD51DB3A44200B51C59 /* Assets.xcassets in Resources */ = {isa = PBXBuildFile; fileRef = 7CCC8CD41DB3A44200B51C59 /* Assets.xcassets */; };
		7CCC8CD81DB3A44300B51C59 /* LaunchScreen.storyboard in Resources */ = {isa = PBXBuildFile; fileRef = 7CCC8CD61DB3A44300B51C59 /* LaunchScreen.storyboard */; };
/* End PBXBuildFile section */

/* Begin PBXFileReference section */
		7C4D308B1DB71310002874F1 /* Default-568h@2x.png */ = {isa = PBXFileReference; lastKnownFileType = image.png; path = "Default-568h@2x.png"; sourceTree = "<group>"; };
		7CCC8CCA1DB3A44200B51C59 /* Calculator.app */ = {isa = PBXFileReference; explicitFileType = wrapper.application; includeInIndex = 0; path = Calculator.app; sourceTree = BUILT_PRODUCTS_DIR; };
		7CCC8CCD1DB3A44200B51C59 /* AppDelegate.swift */ = {isa = PBXFileReference; lastKnownFileType = sourcecode.swift; path = AppDelegate.swift; sourceTree = "<group>"; };
		7CCC8CCF1DB3A44200B51C59 /* ViewController.swift */ = {isa = PBXFileReference; lastKnownFileType = sourcecode.swift; path = ViewController.swift; sourceTree = "<group>"; };
		7CCC8CD21DB3A44200B51C59 /* Base */ = {isa = PBXFileReference; lastKnownFileType = file.storyboard; name = Base; path = Base.lproj/Main.storyboard; sourceTree = "<group>"; };
		7CCC8CD41DB3A44200B51C59 /* Assets.xcassets */ = {isa = PBXFileReference; lastKnownFileType = folder.assetcatalog; path = Assets.xcassets; sourceTree = "<group>"; };
		7CCC8CD71DB3A44300B51C59 /* Base */ = {isa = PBXFileReference; lastKnownFileType = file.storyboard; name = Base; path = Base.lproj/LaunchScreen.storyboard; sourceTree = "<group>"; };
		7CCC8CD91DB3A44300B51C59 /* Info.plist */ = {isa = PBXFileReference; lastKnownFileType = text.plist.xml; path = Info.plist; sourceTree = "<group>"; };
/* End PBXFileReference section */

/* Begin PBXFrameworksBuildPhase section */
		7CCC8CC71DB3A44200B51C59 /* Frameworks */ = {
			isa = PBXFrameworksBuildPhase;
			buildActionMask = 2147483647;
			files = (
			);
			runOnlyForDeploymentPostprocessing = 0;
		};
/* End PBXFrameworksBuildPhase section */

/* Begin PBXGroup section */
		7CCC8CC11DB3A44200B51C59 = {
			isa = PBXGroup;
			children = (
				7C4D308B1DB71310002874F1 /* Default-568h@2x.png */,
				7CCC8CCC1DB3A44200B51C59 /* Calculator */,
				7CCC8CCB1DB3A44200B51C59 /* Products */,
			);
			sourceTree = "<group>";
		};
		7CCC8CCB1DB3A44200B51C59 /* Products */ = {
			isa = PBXGroup;
			children = (
				7CCC8CCA1DB3A44200B51C59 /* Calculator.app */,
			);
			name = Products;
			sourceTree = "<group>";
		};
		7CCC8CCC1DB3A44200B51C59 /* Calculator */ = {
			isa = PBXGroup;
			children = (
				7CCC8CCD1DB3A44200B51C59 /* AppDelegate.swift */,
				7CCC8CCF1DB3A44200B51C59 /* ViewController.swift */,
				7CCC8CD11DB3A44200B51C59 /* Main.storyboard */,
				7CCC8CD41DB3A44200B51C59 /* Assets.xcassets */,
				7CCC8CD61DB3A44300B51C59 /* LaunchScreen.storyboard */,
				7CCC8CD91DB3A44300B51C59 /* Info.plist */,
			);
			path = Calculator;
			sourceTree = "<group>";
		};
/* End PBXGroup section */

/* Begin PBXNativeTarget section */
		7CCC8CC91DB3A44200B51C59 /* Calculator */ = {
			isa = PBXNativeTarget;
			buildConfigurationList = 7CCC8CDC1DB3A44300B51C59 /* Build configuration list for PBXNativeTarget "Calculator" */;
			buildPhases = (
				7CCC8CC61DB3A44200B51C59 /* Sources */,
				7CCC8CC71DB3A44200B51C59 /* Frameworks */,
				7CCC8CC81DB3A44200B51C59 /* Resources */,
			);
			buildRules = (
			);
			dependencies = (
			);
			name = Calculator;
			productName = Calculator;
			productReference = 7CCC8CCA1DB3A44200B51C59 /* Calculator.app */;
			productType = "com.apple.product-type.application";
		};
/* End PBXNativeTarget section */

/* Begin PBXProject section */
		7CCC8CC21DB3A44200B51C59 /* Project object */ = {
			isa = PBXProject;
			attributes = {
				LastSwiftUpdateCheck = 0800;
				LastUpgradeCheck = 0800;
				ORGANIZATIONNAME = "Gerson Janhuel";
				TargetAttributes = {
					7CCC8CC91DB3A44200B51C59 = {
						CreatedOnToolsVersion = 8.0;
						DevelopmentTeam = Y57LT3DKL7;
						ProvisioningStyle = Automatic;
					};
				};
			};
			buildConfigurationList = 7CCC8CC51DB3A44200B51C59 /* Build configuration list for PBXProject "Calculator" */;
			compatibilityVersion = "Xcode 3.2";
			developmentRegion = English;
			hasScannedForEncodings = 0;
			knownRegions = (
				en,
				Base,
			);
			mainGroup = 7CCC8CC11DB3A44200B51C59;
			productRefGroup = 7CCC8CCB1DB3A44200B51C59 /* Products */;
			projectDirPath = "";
			projectRoot = "";
			targets = (
				7CCC8CC91DB3A44200B51C59 /* Calculator */,
			);
		};
/* End PBXProject section */

/* Begin PBXResourcesBuildPhase section */
		7CCC8CC81DB3A44200B51C59 /* Resources */ = {
			isa = PBXResourcesBuildPhase;
			buildActionMask = 2147483647;
			files = (
				7CCC8CD81DB3A44300B51C59 /* LaunchScreen.storyboard in Resources */,
				7C4D308C1DB71310002874F1 /* Default-568h@2x.png in Resources */,
				7CCC8CD51DB3A44200B51C59 /* Assets.xcassets in Resources */,
				7CCC8CD31DB3A44200B51C59 /* Main.storyboard in Resources */,
			);
			runOnlyForDeploymentPostprocessing = 0;
		};
/* End PBXResourcesBuildPhase section */

/* Begin PBXSourcesBuildPhase section */
		7CCC8CC61DB3A44200B51C59 /* Sources */ = {
			isa = PBXSourcesBuildPhase;
			buildActionMask = 2147483647;
			files = (
				7CCC8CD01DB3A44200B51C59 /* ViewController.swift in Sources */,
				7CCC8CCE1DB3A44200B51C59 /* AppDelegate.swift in Sources */,
			);
			runOnlyForDeploymentPostprocessing = 0;
		};
/* End PBXSourcesBuildPhase section */

/* Begin PBXVariantGroup section */
		7CCC8CD11DB3A44200B51C59 /* Main.storyboard */ = {
			isa = PBXVariantGroup;
			children = (
				7CCC8CD21DB3A44200B51C59 /* Base */,
			);
			name = Main.storyboard;
			sourceTree = "<group>";
		};
		7CCC8CD61DB3A44300B51C59 /* LaunchScreen.storyboard */ = {
			isa = PBXVariantGroup;
			children = (
				7CCC8CD71DB3A44300B51C59 /* Base */,
			);
			name = LaunchScreen.storyboard;
			sourceTree = "<group>";
		};
/* End PBXVariantGroup section */

/* Begin XCBuildConfiguration section */
		7CCC8CDA1DB3A44300B51C59 /* Debug */ = {
			isa = XCBuildConfiguration;
			buildSettings = {
				ALWAYS_SEARCH_USER_PATHS = NO;
				CLANG_ANALYZER_NONNULL = YES;
				CLANG_CXX_LANGUAGE_STANDARD = "gnu++0x";
				CLANG_CXX_LIBRARY = "libc++";
				CLANG_ENABLE_MODULES = YES;
				CLANG_ENABLE_OBJC_ARC = YES;
				CLANG_WARN_BOOL_CONVERSION = YES;
				CLANG_WARN_CONSTANT_CONVERSION = YES;
				CLANG_WARN_DIRECT_OBJC_ISA_USAGE = YES_ERROR;
				CLANG_WARN_DOCUMENTATION_COMMENTS = YES;
				CLANG_WARN_EMPTY_BODY = YES;
				CLANG_WARN_ENUM_CONVERSION = YES;
				CLANG_WARN_INFINITE_RECURSION = YES;
				CLANG_WARN_INT_CONVERSION = YES;
				CLANG_WARN_OBJC_ROOT_CLASS = YES_ERROR;
				CLANG_WARN_SUSPICIOUS_MOVES = YES;
				CLANG_WARN_UNREACHABLE_CODE = YES;
				CLANG_WARN__DUPLICATE_METHOD_MATCH = YES;
				"CODE_SIGN_IDENTITY[sdk=iphoneos*]" = "iPhone Developer";
				COPY_PHASE_STRIP = NO;
				DEBUG_INFORMATION_FORMAT = dwarf;
				ENABLE_STRICT_OBJC_MSGSEND = YES;
				ENABLE_TESTABILITY = YES;
				GCC_C_LANGUAGE_STANDARD = gnu99;
				GCC_DYNAMIC_NO_PIC = NO;
				GCC_NO_COMMON_BLOCKS = YES;
				GCC_OPTIMIZATION_LEVEL = 0;
				GCC_PREPROCESSOR_DEFINITIONS = (
					"DEBUG=1",
					"$(inherited)",
				);
				GCC_WARN_64_TO_32_BIT_CONVERSION = YES;
				GCC_WARN_ABOUT_RETURN_TYPE = YES_ERROR;
				GCC_WARN_UNDECLARED_SELECTOR = YES;
				GCC_WARN_UNINITIALIZED_AUTOS = YES_AGGRESSIVE;
				GCC_WARN_UNUSED_FUNCTION = YES;
				GCC_WARN_UNUSED_VARIABLE = YES;
				IPHONEOS_DEPLOYMENT_TARGET = 10.0;
				MTL_ENABLE_DEBUG_INFO = YES;
				ONLY_ACTIVE_ARCH = YES;
				SDKROOT = iphoneos;
				SWIFT_ACTIVE_COMPILATION_CONDITIONS = DEBUG;
				SWIFT_OPTIMIZATION_LEVEL = "-Onone";
			};
			name = Debug;
		};
		7CCC8CDB1DB3A44300B51C59 /* Release */ = {
			isa = XCBuildConfiguration;
			buildSettings = {
				ALWAYS_SEARCH_USER_PATHS = NO;
				CLANG_ANALYZER_NONNULL = YES;
				CLANG_CXX_LANGUAGE_STANDARD = "gnu++0x";
				CLANG_CXX_LIBRARY = "libc++";
				CLANG_ENABLE_MODULES = YES;
				CLANG_ENABLE_OBJC_ARC = YES;
				CLANG_WARN_BOOL_CONVERSION = YES;
				CLANG_WARN_CONSTANT_CONVERSION = YES;
				CLANG_WARN_DIRECT_OBJC_ISA_USAGE = YES_ERROR;
				CLANG_WARN_DOCUMENTATION_COMMENTS = YES;
				CLANG_WARN_EMPTY_BODY = YES;
				CLANG_WARN_ENUM_CONVERSION = YES;
				CLANG_WARN_INFINITE_RECURSION = YES;
				CLANG_WARN_INT_CONVERSION = YES;
				CLANG_WARN_OBJC_ROOT_CLASS = YES_ERROR;
				CLANG_WARN_SUSPICIOUS_MOVES = YES;
				CLANG_WARN_UNREACHABLE_CODE = YES;
				CLANG_WARN__DUPLICATE_METHOD_MATCH = YES;
				"CODE_SIGN_IDENTITY[sdk=iphoneos*]" = "iPhone Developer";
				COPY_PHASE_STRIP = NO;
				DEBUG_INFORMATION_FORMAT = "dwarf-with-dsym";
				ENABLE_NS_ASSERTIONS = NO;
				ENABLE_STRICT_OBJC_MSGSEND = YES;
				GCC_C_LANGUAGE_STANDARD = gnu99;
				GCC_NO_COMMON_BLOCKS = YES;
				GCC_WARN_64_TO_32_BIT_CONVERSION = YES;
				GCC_WARN_ABOUT_RETURN_TYPE = YES_ERROR;
				GCC_WARN_UNDECLARED_SELECTOR = YES;
				GCC_WARN_UNINITIALIZED_AUTOS = YES_AGGRESSIVE;
				GCC_WARN_UNUSED_FUNCTION = YES;
				GCC_WARN_UNUSED_VARIABLE = YES;
				IPHONEOS_DEPLOYMENT_TARGET = 10.0;
				MTL_ENABLE_DEBUG_INFO = NO;
				SDKROOT = iphoneos;
				SWIFT_OPTIMIZATION_LEVEL = "-Owholemodule";
				VALIDATE_PRODUCT = YES;
			};
			name = Release;
		};
		7CCC8CDD1DB3A44300B51C59 /* Debug */ = {
			isa = XCBuildConfiguration;
			buildSettings = {
				ASSETCATALOG_COMPILER_APPICON_NAME = AppIcon;
				DEVELOPMENT_TEAM = Y57LT3DKL7;
				INFOPLIST_FILE = Calculator/Info.plist;
				IPHONEOS_DEPLOYMENT_TARGET = 9.0;
				LD_RUNPATH_SEARCH_PATHS = "$(inherited) @executable_path/Frameworks";
				PRODUCT_BUNDLE_IDENTIFIER = gersonjanhuel.com.Calculator;
				PRODUCT_NAME = "$(TARGET_NAME)";
				SWIFT_VERSION = 3.0;
			};
			name = Debug;
		};
		7CCC8CDE1DB3A44300B51C59 /* Release */ = {
			isa = XCBuildConfiguration;
			buildSettings = {
				ASSETCATALOG_COMPILER_APPICON_NAME = AppIcon;
				DEVELOPMENT_TEAM = Y57LT3DKL7;
				INFOPLIST_FILE = Calculator/Info.plist;
				IPHONEOS_DEPLOYMENT_TARGET = 9.0;
				LD_RUNPATH_SEARCH_PATHS = "$(inherited) @executable_path/Frameworks";
				PRODUCT_BUNDLE_IDENTIFIER = gersonjanhuel.com.Calculator;
				PRODUCT_NAME = "$(TARGET_NAME)";
				SWIFT_VERSION = 3.0;
			};
			name = Release;
		};
/* End XCBuildConfiguration section */

/* Begin XCConfigurationList section */
		7CCC8CC51DB3A44200B51C59 /* Build configuration list for PBXProject "Calculator" */ = {
			isa = XCConfigurationList;
			buildConfigurations = (
				7CCC8CDA1DB3A44300B51C59 /* Debug */,
				7CCC8CDB1DB3A44300B51C59 /* Release */,
			);
			defaultConfigurationIsVisible = 0;
			defaultConfigurationName = Release;
		};
		7CCC8CDC1DB3A44300B51C59 /* Build configuration list for PBXNativeTarget "Calculator" */ = {
			isa = XCConfigurationList;
			buildConfigurations = (
				7CCC8CDD1DB3A44300B51C59 /* Debug */,
				7CCC8CDE1DB3A44300B51C59 /* Release */,
			);
			defaultConfigurationIsVisible = 0;
			defaultConfigurationName = Release;
		};
/* End XCConfigurationList section */
	};
	rootObject = 7CCC8CC21DB3A44200B51C59 /* Project object */;
}
